
Microsoft Visual Studio Solution File, Format Version 12.00
Project("{FAE04EC0-301F-11D3-BF4B-00C04F79EFBC}") = "ToDoList", "ToDoList\ToDoList.csproj", "{F86BDE9D-D57A-4BD5-9EFC-7DBA85AC4B2D}"
EndProject
Project("{2150E333-8FDC-42A3-9474-1A3956D46DE8}") = "Domain", "Domain", "{73795EE0-CA2C-4404-8908-2F09EDAC7168}"
EndProject
Project("{FAE04EC0-301F-11D3-BF4B-00C04F79EFBC}") = "ToDoList.Domain1", "ToDoList.Domain1\ToDoList.Domain1.csproj", "{737A12A4-4860-44E9-8A9E-6E81E2C3C57B}"
EndProject
Project("{2150E333-8FDC-42A3-9474-1A3956D46DE8}") = "DAL", "DAL", "{EF8A56DE-4486-4946-9001-94346AB81A6B}"
EndProject
Project("{FAE04EC0-301F-11D3-BF4B-00C04F79EFBC}") = "ToDoList.DAL", "ToDoList.DAL\ToDoList.DAL.csproj", "{743EF3F7-F5FC-4003-9D69-C24A90441F50}"
EndProject
Project("{2150E333-8FDC-42A3-9474-1A3956D46DE8}") = "Service", "Service", "{48C25F8F-9A69-4FBB-B7D7-51A71488B035}"
EndProject
Project("{FAE04EC0-301F-11D3-BF4B-00C04F79EFBC}") = "ToDoList.Servicee", "ToDoList.Servicee\ToDoList.Servicee.csproj", "{78A69BE7-80A3-41F0-8B7B-72F325F1ADC1}"
EndProject
Global
	GlobalSection(SolutionConfigurationPlatforms) = preSolution
		Debug|Any CPU = Debug|Any CPU
		Release|Any CPU = Release|Any CPU
	EndGlobalSection
	GlobalSection(ProjectConfigurationPlatforms) = postSolution
		{F86BDE9D-D57A-4BD5-9EFC-7DBA85AC4B2D}.Debug|Any CPU.ActiveCfg = Debug|Any CPU
		{F86BDE9D-D57A-4BD5-9EFC-7DBA85AC4B2D}.Debug|Any CPU.Build.0 = Debug|Any CPU
		{F86BDE9D-D57A-4BD5-9EFC-7DBA85AC4B2D}.Release|Any CPU.ActiveCfg = Release|Any CPU
		{F86BDE9D-D57A-4BD5-9EFC-7DBA85AC4B2D}.Release|Any CPU.Build.0 = Release|Any CPU
		{737A12A4-4860-44E9-8A9E-6E81E2C3C57B}.Debug|Any CPU.ActiveCfg = Debug|Any CPU
		{737A12A4-4860-44E9-8A9E-6E81E2C3C57B}.Debug|Any CPU.Build.0 = Debug|Any CPU
		{737A12A4-4860-44E9-8A9E-6E81E2C3C57B}.Release|Any CPU.ActiveCfg = Release|Any CPU
		{737A12A4-4860-44E9-8A9E-6E81E2C3C57B}.Release|Any CPU.Build.0 = Release|Any CPU
		{743EF3F7-F5FC-4003-9D69-C24A90441F50}.Debug|Any CPU.ActiveCfg = Debug|Any CPU
		{743EF3F7-F5FC-4003-9D69-C24A90441F50}.Debug|Any CPU.Build.0 = Debug|Any CPU
		{743EF3F7-F5FC-4003-9D69-C24A90441F50}.Release|Any CPU.ActiveCfg = Release|Any CPU
		{743EF3F7-F5FC-4003-9D69-C24A90441F50}.Release|Any CPU.Build.0 = Release|Any CPU
		{78A69BE7-80A3-41F0-8B7B-72F325F1ADC1}.Debug|Any CPU.ActiveCfg = Debug|Any CPU
		{78A69BE7-80A3-41F0-8B7B-72F325F1ADC1}.Debug|Any CPU.Build.0 = Debug|Any CPU
		{78A69BE7-80A3-41F0-8B7B-72F325F1ADC1}.Release|Any CPU.ActiveCfg = Release|Any CPU
		{78A69BE7-80A3-41F0-8B7B-72F325F1ADC1}.Release|Any CPU.Build.0 = Release|Any CPU
	EndGlobalSection
	GlobalSection(NestedProjects) = preSolution
		{737A12A4-4860-44E9-8A9E-6E81E2C3C57B} = {73795EE0-CA2C-4404-8908-2F09EDAC7168}
		{743EF3F7-F5FC-4003-9D69-C24A90441F50} = {EF8A56DE-4486-4946-9001-94346AB81A6B}
		{78A69BE7-80A3-41F0-8B7B-72F325F1ADC1} = {48C25F8F-9A69-4FBB-B7D7-51A71488B035}
	EndGlobalSection
EndGlobal
